
Microsoft Visual Studio Solution File, Format Version 12.00
# Visual Studio Version 17
VisualStudioVersion = 17.10.35122.118
MinimumVisualStudioVersion = 10.0.40219.1
Project("{FAE04EC0-301F-11D3-BF4B-00C04F79EFBC}") = "FormularioContacto1", "FormularioContacto1.csproj", "{CE595C0E-86E5-4F28-B875-4D891659E5CE}"
EndProject
Global
	GlobalSection(SolutionConfigurationPlatforms) = preSolution
		Debug|Any CPU = Debug|Any CPU
		Release|Any CPU = Release|Any CPU
	EndGlobalSection
	GlobalSection(ProjectConfigurationPlatforms) = postSolution
		{CE595C0E-86E5-4F28-B875-4D891659E5CE}.Debug|Any CPU.ActiveCfg = Debug|Any CPU
		{CE595C0E-86E5-4F28-B875-4D891659E5CE}.Debug|Any CPU.Build.0 = Debug|Any CPU
		{CE595C0E-86E5-4F28-B875-4D891659E5CE}.Release|Any CPU.ActiveCfg = Release|Any CPU
		{CE595C0E-86E5-4F28-B875-4D891659E5CE}.Release|Any CPU.Build.0 = Release|Any CPU
	EndGlobalSection
	GlobalSection(SolutionProperties) = preSolution
		HideSolutionNode = FALSE
	EndGlobalSection
	GlobalSection(ExtensibilityGlobals) = postSolution
		SolutionGuid = {BFD8A4B2-FE84-49B4-8D86-A5EE3462163D}
	EndGlobalSection
EndGlobal
